{
  "name": "demo",
  "version": "0.1.0",
  "lockfileVersion": 1,
  "requires": true,
  "dependencies": {
    "logrocket": {
      "version": "0.6.5",
      "resolved": "http://registry.npm.taobao.org/logrocket/download/logrocket-0.6.5.tgz",
      "integrity": "sha1-mNSixawFp/hAp/vqfRll3u/yUA8="
    }
  }
}
